// !$*UTF8*$!
{
	archiveVersion = 1;
	classes = {
	};
	objectVersion = 50;
	objects = {

/* Begin PBXBuildFile section */
		185F7ED522FC9716006D5006 /* AppDelegate.swift in Sources */ = {isa = PBXBuildFile; fileRef = 185F7ED422FC9716006D5006 /* AppDelegate.swift */; };
		185F7ED722FC9716006D5006 /* ViewController.swift in Sources */ = {isa = PBXBuildFile; fileRef = 185F7ED622FC9716006D5006 /* ViewController.swift */; };
		185F7EDA22FC9716006D5006 /* Main.storyboard in Resources */ = {isa = PBXBuildFile; fileRef = 185F7ED822FC9716006D5006 /* Main.storyboard */; };
		185F7EDC22FC971C006D5006 /* Assets.xcassets in Resources */ = {isa = PBXBuildFile; fileRef = 185F7EDB22FC971C006D5006 /* Assets.xcassets */; };
		185F7EDF22FC971C006D5006 /* LaunchScreen.storyboard in Resources */ = {isa = PBXBuildFile; fileRef = 185F7EDD22FC971C006D5006 /* LaunchScreen.storyboard */; };
		185F7EEA22FC971C006D5006 /* StoryboardTests.swift in Sources */ = {isa = PBXBuildFile; fileRef = 185F7EE922FC971C006D5006 /* StoryboardTests.swift */; };
		185F7EF522FC971C006D5006 /* StoryboardUITests.swift in Sources */ = {isa = PBXBuildFile; fileRef = 185F7EF422FC971C006D5006 /* StoryboardUITests.swift */; };
/* End PBXBuildFile section */

/* Begin PBXContainerItemProxy section */
		185F7EE622FC971C006D5006 /* PBXContainerItemProxy */ = {
			isa = PBXContainerItemProxy;
			containerPortal = 185F7EC922FC9716006D5006 /* Project object */;
			proxyType = 1;
			remoteGlobalIDString = 185F7ED022FC9716006D5006;
			remoteInfo = Storyboard;
		};
		185F7EF122FC971C006D5006 /* PBXContainerItemProxy */ = {
			isa = PBXContainerItemProxy;
			containerPortal = 185F7EC922FC9716006D5006 /* Project object */;
			proxyType = 1;
			remoteGlobalIDString = 185F7ED022FC9716006D5006;
			remoteInfo = Storyboard;
		};
/* End PBXContainerItemProxy section */

/* Begin PBXFileReference section */
		185F7ED122FC9716006D5006 /* Storyboard.app */ = {isa = PBXFileReference; explicitFileType = wrapper.application; includeInIndex = 0; path = Storyboard.app; sourceTree = BUILT_PRODUCTS_DIR; };
		185F7ED422FC9716006D5006 /* AppDelegate.swift */ = {isa = PBXFileReference; lastKnownFileType = sourcecode.swift; path = AppDelegate.swift; sourceTree = "<group>"; };
		185F7ED622FC9716006D5006 /* ViewController.swift */ = {isa = PBXFileReference; lastKnownFileType = sourcecode.swift; path = ViewController.swift; sourceTree = "<group>"; };
		185F7ED922FC9716006D5006 /* Base */ = {isa = PBXFileReference; lastKnownFileType = file.storyboard; name = Base; path = Base.lproj/Main.storyboard; sourceTree = "<group>"; };
		185F7EDB22FC971C006D5006 /* Assets.xcassets */ = {isa = PBXFileReference; lastKnownFileType = folder.assetcatalog; path = Assets.xcassets; sourceTree = "<group>"; };
		185F7EDE22FC971C006D5006 /* Base */ = {isa = PBXFileReference; lastKnownFileType = file.storyboard; name = Base; path = Base.lproj/LaunchScreen.storyboard; sourceTree = "<group>"; };
		185F7EE022FC971C006D5006 /* Info.plist */ = {isa = PBXFileReference; lastKnownFileType = text.plist.xml; path = Info.plist; sourceTree = "<group>"; };
		185F7EE522FC971C006D5006 /* StoryboardTests.xctest */ = {isa = PBXFileReference; explicitFileType = wrapper.cfbundle; includeInIndex = 0; path = StoryboardTests.xctest; sourceTree = BUILT_PRODUCTS_DIR; };
		185F7EE922FC971C006D5006 /* StoryboardTests.swift */ = {isa = PBXFileReference; lastKnownFileType = sourcecode.swift; path = StoryboardTests.swift; sourceTree = "<group>"; };
		185F7EEB22FC971C006D5006 /* Info.plist */ = {isa = PBXFileReference; lastKnownFileType = text.plist.xml; path = Info.plist; sourceTree = "<group>"; };
		185F7EF022FC971C006D5006 /* StoryboardUITests.xctest */ = {isa = PBXFileReference; explicitFileType = wrapper.cfbundle; includeInIndex = 0; path = StoryboardUITests.xctest; sourceTree = BUILT_PRODUCTS_DIR; };
		185F7EF422FC971C006D5006 /* StoryboardUITests.swift */ = {isa = PBXFileReference; lastKnownFileType = sourcecode.swift; path = StoryboardUITests.swift; sourceTree = "<group>"; };
		185F7EF622FC971C006D5006 /* Info.plist */ = {isa = PBXFileReference; lastKnownFileType = text.plist.xml; path = Info.plist; sourceTree = "<group>"; };
/* End PBXFileReference section */

/* Begin PBXFrameworksBuildPhase section */
		185F7ECE22FC9716006D5006 /* Frameworks */ = {
			isa = PBXFrameworksBuildPhase;
			buildActionMask = 2147483647;
			files = (
			);
			runOnlyForDeploymentPostprocessing = 0;
		};
		185F7EE222FC971C006D5006 /* Frameworks */ = {
			isa = PBXFrameworksBuildPhase;
			buildActionMask = 2147483647;
			files = (
			);
			runOnlyForDeploymentPostprocessing = 0;
		};
		185F7EED22FC971C006D5006 /* Frameworks */ = {
			isa = PBXFrameworksBuildPhase;
			buildActionMask = 2147483647;
			files = (
			);
			runOnlyForDeploymentPostprocessing = 0;
		};
/* End PBXFrameworksBuildPhase section */

/* Begin PBXGroup section */
		185F7EC822FC9716006D5006 = {
			isa = PBXGroup;
			children = (
				185F7ED322FC9716006D5006 /* Storyboard */,
				185F7EE822FC971C006D5006 /* StoryboardTests */,
				185F7EF322FC971C006D5006 /* StoryboardUITests */,
				185F7ED222FC9716006D5006 /* Products */,
			);
			sourceTree = "<group>";
		};
		185F7ED222FC9716006D5006 /* Products */ = {
			isa = PBXGroup;
			children = (
				185F7ED122FC9716006D5006 /* Storyboard.app */,
				185F7EE522FC971C006D5006 /* StoryboardTests.xctest */,
				185F7EF022FC971C006D5006 /* StoryboardUITests.xctest */,
			);
			name = Products;
			sourceTree = "<group>";
		};
		185F7ED322FC9716006D5006 /* Storyboard */ = {
			isa = PBXGroup;
			children = (
				185F7ED422FC9716006D5006 /* AppDelegate.swift */,
				185F7ED622FC9716006D5006 /* ViewController.swift */,
				185F7ED822FC9716006D5006 /* Main.storyboard */,
				185F7EDB22FC971C006D5006 /* Assets.xcassets */,
				185F7EDD22FC971C006D5006 /* LaunchScreen.storyboard */,
				185F7EE022FC971C006D5006 /* Info.plist */,
			);
			path = Storyboard;
			sourceTree = "<group>";
		};
		185F7EE822FC971C006D5006 /* StoryboardTests */ = {
			isa = PBXGroup;
			children = (
				185F7EE922FC971C006D5006 /* StoryboardTests.swift */,
				185F7EEB22FC971C006D5006 /* Info.plist */,
			);
			path = StoryboardTests;
			sourceTree = "<group>";
		};
		185F7EF322FC971C006D5006 /* StoryboardUITests */ = {
			isa = PBXGroup;
			children = (
				185F7EF422FC971C006D5006 /* StoryboardUITests.swift */,
				185F7EF622FC971C006D5006 /* Info.plist */,
			);
			path = StoryboardUITests;
			sourceTree = "<group>";
		};
/* End PBXGroup section */

/* Begin PBXNativeTarget section */
		185F7ED022FC9716006D5006 /* Storyboard */ = {
			isa = PBXNativeTarget;
			buildConfigurationList = 185F7EF922FC971C006D5006 /* Build configuration list for PBXNativeTarget "Storyboard" */;
			buildPhases = (
				185F7ECD22FC9716006D5006 /* Sources */,
				185F7ECE22FC9716006D5006 /* Frameworks */,
				185F7ECF22FC9716006D5006 /* Resources */,
			);
			buildRules = (
			);
			dependencies = (
			);
			name = Storyboard;
			productName = Storyboard;
			productReference = 185F7ED122FC9716006D5006 /* Storyboard.app */;
			productType = "com.apple.product-type.application";
		};
		185F7EE422FC971C006D5006 /* StoryboardTests */ = {
			isa = PBXNativeTarget;
			buildConfigurationList = 185F7EFC22FC971C006D5006 /* Build configuration list for PBXNativeTarget "StoryboardTests" */;
			buildPhases = (
				185F7EE122FC971C006D5006 /* Sources */,
				185F7EE222FC971C006D5006 /* Frameworks */,
				185F7EE322FC971C006D5006 /* Resources */,
			);
			buildRules = (
			);
			dependencies = (
				185F7EE722FC971C006D5006 /* PBXTargetDependency */,
			);
			name = StoryboardTests;
			productName = StoryboardTests;
			productReference = 185F7EE522FC971C006D5006 /* StoryboardTests.xctest */;
			productType = "com.apple.product-type.bundle.unit-test";
		};
		185F7EEF22FC971C006D5006 /* StoryboardUITests */ = {
			isa = PBXNativeTarget;
			buildConfigurationList = 185F7EFF22FC971C006D5006 /* Build configuration list for PBXNativeTarget "StoryboardUITests" */;
			buildPhases = (
				185F7EEC22FC971C006D5006 /* Sources */,
				185F7EED22FC971C006D5006 /* Frameworks */,
				185F7EEE22FC971C006D5006 /* Resources */,
			);
			buildRules = (
			);
			dependencies = (
				185F7EF222FC971C006D5006 /* PBXTargetDependency */,
			);
			name = StoryboardUITests;
			productName = StoryboardUITests;
			productReference = 185F7EF022FC971C006D5006 /* StoryboardUITests.xctest */;
			productType = "com.apple.product-type.bundle.ui-testing";
		};
/* End PBXNativeTarget section */

/* Begin PBXProject section */
		185F7EC922FC9716006D5006 /* Project object */ = {
			isa = PBXProject;
			attributes = {
				LastSwiftUpdateCheck = 1020;
				LastUpgradeCheck = 1020;
				ORGANIZATIONNAME = Apple;
				TargetAttributes = {
					185F7ED022FC9716006D5006 = {
						CreatedOnToolsVersion = 10.2.1;
					};
					185F7EE422FC971C006D5006 = {
						CreatedOnToolsVersion = 10.2.1;
						TestTargetID = 185F7ED022FC9716006D5006;
					};
					185F7EEF22FC971C006D5006 = {
						CreatedOnToolsVersion = 10.2.1;
						TestTargetID = 185F7ED022FC9716006D5006;
					};
				};
			};
			buildConfigurationList = 185F7ECC22FC9716006D5006 /* Build configuration list for PBXProject "Storyboard" */;
			compatibilityVersion = "Xcode 9.3";
			developmentRegion = en;
			hasScannedForEncodings = 0;
			knownRegions = (
				en,
				Base,
			);
			mainGroup = 185F7EC822FC9716006D5006;
			productRefGroup = 185F7ED222FC9716006D5006 /* Products */;
			projectDirPath = "";
			projectRoot = "";
			targets = (
				185F7ED022FC9716006D5006 /* Storyboard */,
				185F7EE422FC971C006D5006 /* StoryboardTests */,
				185F7EEF22FC971C006D5006 /* StoryboardUITests */,
			);
		};
/* End PBXProject section */

/* Begin PBXResourcesBuildPhase section */
		185F7ECF22FC9716006D5006 /* Resources */ = {
			isa = PBXResourcesBuildPhase;
			buildActionMask = 2147483647;
			files = (
				185F7EDF22FC971C006D5006 /* LaunchScreen.storyboard in Resources */,
				185F7EDC22FC971C006D5006 /* Assets.xcassets in Resources */,
				185F7EDA22FC9716006D5006 /* Main.storyboard in Resources */,
			);
			runOnlyForDeploymentPostprocessing = 0;
		};
		185F7EE322FC971C006D5006 /* Resources */ = {
			isa = PBXResourcesBuildPhase;
			buildActionMask = 2147483647;
			files = (
			);
			runOnlyForDeploymentPostprocessing = 0;
		};
		185F7EEE22FC971C006D5006 /* Resources */ = {
			isa = PBXResourcesBuildPhase;
			buildActionMask = 2147483647;
			files = (
			);
			runOnlyForDeploymentPostprocessing = 0;
		};
/* End PBXResourcesBuildPhase section */

/* Begin PBXSourcesBuildPhase section */
		185F7ECD22FC9716006D5006 /* Sources */ = {
			isa = PBXSourcesBuildPhase;
			buildActionMask = 2147483647;
			files = (
				185F7ED722FC9716006D5006 /* ViewController.swift in Sources */,
				185F7ED522FC9716006D5006 /* AppDelegate.swift in Sources */,
			);
			runOnlyForDeploymentPostprocessing = 0;
		};
		185F7EE122FC971C006D5006 /* Sources */ = {
			isa = PBXSourcesBuildPhase;
			buildActionMask = 2147483647;
			files = (
				185F7EEA22FC971C006D5006 /* StoryboardTests.swift in Sources */,
			);
			runOnlyForDeploymentPostprocessing = 0;
		};
		185F7EEC22FC971C006D5006 /* Sources */ = {
			isa = PBXSourcesBuildPhase;
			buildActionMask = 2147483647;
			files = (
				185F7EF522FC971C006D5006 /* StoryboardUITests.swift in Sources */,
			);
			runOnlyForDeploymentPostprocessing = 0;
		};
/* End PBXSourcesBuildPhase section */

/* Begin PBXTargetDependency section */
		185F7EE722FC971C006D5006 /* PBXTargetDependency */ = {
			isa = PBXTargetDependency;
			target = 185F7ED022FC9716006D5006 /* Storyboard */;
			targetProxy = 185F7EE622FC971C006D5006 /* PBXContainerItemProxy */;
		};
		185F7EF222FC971C006D5006 /* PBXTargetDependency */ = {
			isa = PBXTargetDependency;
			target = 185F7ED022FC9716006D5006 /* Storyboard */;
			targetProxy = 185F7EF122FC971C006D5006 /* PBXContainerItemProxy */;
		};
/* End PBXTargetDependency section */

/* Begin PBXVariantGroup section */
		185F7ED822FC9716006D5006 /* Main.storyboard */ = {
			isa = PBXVariantGroup;
			children = (
				185F7ED922FC9716006D5006 /* Base */,
			);
			name = Main.storyboard;
			sourceTree = "<group>";
		};
		185F7EDD22FC971C006D5006 /* LaunchScreen.storyboard */ = {
			isa = PBXVariantGroup;
			children = (
				185F7EDE22FC971C006D5006 /* Base */,
			);
			name = LaunchScreen.storyboard;
			sourceTree = "<group>";
		};
/* End PBXVariantGroup section */

/* Begin XCBuildConfiguration section */
		185F7EF722FC971C006D5006 /* Debug */ = {
			isa = XCBuildConfiguration;
			buildSettings = {
				ALWAYS_SEARCH_USER_PATHS = NO;
				CLANG_ANALYZER_NONNULL = YES;
				CLANG_ANALYZER_NUMBER_OBJECT_CONVERSION = YES_AGGRESSIVE;
				CLANG_CXX_LANGUAGE_STANDARD = "gnu++14";
				CLANG_CXX_LIBRARY = "libc++";
				CLANG_ENABLE_MODULES = YES;
				CLANG_ENABLE_OBJC_ARC = YES;
				CLANG_ENABLE_OBJC_WEAK = YES;
				CLANG_WARN_BLOCK_CAPTURE_AUTORELEASING = YES;
				CLANG_WARN_BOOL_CONVERSION = YES;
				CLANG_WARN_COMMA = YES;
				CLANG_WARN_CONSTANT_CONVERSION = YES;
				CLANG_WARN_DEPRECATED_OBJC_IMPLEMENTATIONS = YES;
				CLANG_WARN_DIRECT_OBJC_ISA_USAGE = YES_ERROR;
				CLANG_WARN_DOCUMENTATION_COMMENTS = YES;
				CLANG_WARN_EMPTY_BODY = YES;
				CLANG_WARN_ENUM_CONVERSION = YES;
				CLANG_WARN_INFINITE_RECURSION = YES;
				CLANG_WARN_INT_CONVERSION = YES;
				CLANG_WARN_NON_LITERAL_NULL_CONVERSION = YES;
				CLANG_WARN_OBJC_IMPLICIT_RETAIN_SELF = YES;
				CLANG_WARN_OBJC_LITERAL_CONVERSION = YES;
				CLANG_WARN_OBJC_ROOT_CLASS = YES_ERROR;
				CLANG_WARN_RANGE_LOOP_ANALYSIS = YES;
				CLANG_WARN_STRICT_PROTOTYPES = YES;
				CLANG_WARN_SUSPICIOUS_MOVE = YES;
				CLANG_WARN_UNGUARDED_AVAILABILITY = YES_AGGRESSIVE;
				CLANG_WARN_UNREACHABLE_CODE = YES;
				CLANG_WARN__DUPLICATE_METHOD_MATCH = YES;
				CODE_SIGN_IDENTITY = "iPhone Developer";
				COPY_PHASE_STRIP = NO;
				DEBUG_INFORMATION_FORMAT = dwarf;
				ENABLE_STRICT_OBJC_MSGSEND = YES;
				ENABLE_TESTABILITY = YES;
				GCC_C_LANGUAGE_STANDARD = gnu11;
				GCC_DYNAMIC_NO_PIC = NO;
				GCC_NO_COMMON_BLOCKS = YES;
				GCC_OPTIMIZATION_LEVEL = 0;
				GCC_PREPROCESSOR_DEFINITIONS = (
					"DEBUG=1",
					"$(inherited)",
				);
				GCC_WARN_64_TO_32_BIT_CONVERSION = YES;
				GCC_WARN_ABOUT_RETURN_TYPE = YES_ERROR;
				GCC_WARN_UNDECLARED_SELECTOR = YES;
				GCC_WARN_UNINITIALIZED_AUTOS = YES_AGGRESSIVE;
				GCC_WARN_UNUSED_FUNCTION = YES;
				GCC_WARN_UNUSED_VARIABLE = YES;
				IPHONEOS_DEPLOYMENT_TARGET = 12.2;
				MTL_ENABLE_DEBUG_INFO = INCLUDE_SOURCE;
				MTL_FAST_MATH = YES;
				ONLY_ACTIVE_ARCH = YES;
				SDKROOT = iphoneos;
				SWIFT_ACTIVE_COMPILATION_CONDITIONS = DEBUG;
				SWIFT_OPTIMIZATION_LEVEL = "-Onone";
			};
			name = Debug;
		};
		185F7EF822FC971C006D5006 /* Release */ = {
			isa = XCBuildConfiguration;
			buildSettings = {
				ALWAYS_SEARCH_USER_PATHS = NO;
				CLANG_ANALYZER_NONNULL = YES;
				CLANG_ANALYZER_NUMBER_OBJECT_CONVERSION = YES_AGGRESSIVE;
				CLANG_CXX_LANGUAGE_STANDARD = "gnu++14";
				CLANG_CXX_LIBRARY = "libc++";
				CLANG_ENABLE_MODULES = YES;
				CLANG_ENABLE_OBJC_ARC = YES;
				CLANG_ENABLE_OBJC_WEAK = YES;
				CLANG_WARN_BLOCK_CAPTURE_AUTORELEASING = YES;
				CLANG_WARN_BOOL_CONVERSION = YES;
				CLANG_WARN_COMMA = YES;
				CLANG_WARN_CONSTANT_CONVERSION = YES;
				CLANG_WARN_DEPRECATED_OBJC_IMPLEMENTATIONS = YES;
				CLANG_WARN_DIRECT_OBJC_ISA_USAGE = YES_ERROR;
				CLANG_WARN_DOCUMENTATION_COMMENTS = YES;
				CLANG_WARN_EMPTY_BODY = YES;
				CLANG_WARN_ENUM_CONVERSION = YES;
				CLANG_WARN_INFINITE_RECURSION = YES;
				CLANG_WARN_INT_CONVERSION = YES;
				CLANG_WARN_NON_LITERAL_NULL_CONVERSION = YES;
				CLANG_WARN_OBJC_IMPLICIT_RETAIN_SELF = YES;
				CLANG_WARN_OBJC_LITERAL_CONVERSION = YES;
				CLANG_WARN_OBJC_ROOT_CLASS = YES_ERROR;
				CLANG_WARN_RANGE_LOOP_ANALYSIS = YES;
				CLANG_WARN_STRICT_PROTOTYPES = YES;
				CLANG_WARN_SUSPICIOUS_MOVE = YES;
				CLANG_WARN_UNGUARDED_AVAILABILITY = YES_AGGRESSIVE;
				CLANG_WARN_UNREACHABLE_CODE = YES;
				CLANG_WARN__DUPLICATE_METHOD_MATCH = YES;
				CODE_SIGN_IDENTITY = "iPhone Developer";
				COPY_PHASE_STRIP = NO;
				DEBUG_INFORMATION_FORMAT = "dwarf-with-dsym";
				ENABLE_NS_ASSERTIONS = NO;
				ENABLE_STRICT_OBJC_MSGSEND = YES;
				GCC_C_LANGUAGE_STANDARD = gnu11;
				GCC_NO_COMMON_BLOCKS = YES;
				GCC_WARN_64_TO_32_BIT_CONVERSION = YES;
				GCC_WARN_ABOUT_RETURN_TYPE = YES_ERROR;
				GCC_WARN_UNDECLARED_SELECTOR = YES;
				GCC_WARN_UNINITIALIZED_AUTOS = YES_AGGRESSIVE;
				GCC_WARN_UNUSED_FUNCTION = YES;
				GCC_WARN_UNUSED_VARIABLE = YES;
				IPHONEOS_DEPLOYMENT_TARGET = 12.2;
				MTL_ENABLE_DEBUG_INFO = NO;
				MTL_FAST_MATH = YES;
				SDKROOT = iphoneos;
				SWIFT_COMPILATION_MODE = wholemodule;
				SWIFT_OPTIMIZATION_LEVEL = "-O";
				VALIDATE_PRODUCT = YES;
			};
			name = Release;
		};
		185F7EFA22FC971C006D5006 /* Debug */ = {
			isa = XCBuildConfiguration;
			buildSettings = {
				ASSETCATALOG_COMPILER_APPICON_NAME = AppIcon;
				CODE_SIGN_STYLE = Automatic;
				INFOPLIST_FILE = Storyboard/Info.plist;
				LD_RUNPATH_SEARCH_PATHS = (
					"$(inherited)",
					"@executable_path/Frameworks",
				);
				PRODUCT_BUNDLE_IDENTIFIER = abi.Storyboard;
				PRODUCT_NAME = "$(TARGET_NAME)";
				SWIFT_VERSION = 5.0;
				TARGETED_DEVICE_FAMILY = "1,2";
			};
			name = Debug;
		};
		185F7EFB22FC971C006D5006 /* Release */ = {
			isa = XCBuildConfiguration;
			buildSettings = {
				ASSETCATALOG_COMPILER_APPICON_NAME = AppIcon;
				CODE_SIGN_STYLE = Automatic;
				INFOPLIST_FILE = Storyboard/Info.plist;
				LD_RUNPATH_SEARCH_PATHS = (
					"$(inherited)",
					"@executable_path/Frameworks",
				);
				PRODUCT_BUNDLE_IDENTIFIER = abi.Storyboard;
				PRODUCT_NAME = "$(TARGET_NAME)";
				SWIFT_VERSION = 5.0;
				TARGETED_DEVICE_FAMILY = "1,2";
			};
			name = Release;
		};
		185F7EFD22FC971C006D5006 /* Debug */ = {
			isa = XCBuildConfiguration;
			buildSettings = {
				ALWAYS_EMBED_SWIFT_STANDARD_LIBRARIES = YES;
				BUNDLE_LOADER = "$(TEST_HOST)";
				CODE_SIGN_STYLE = Automatic;
				INFOPLIST_FILE = StoryboardTests/Info.plist;
				LD_RUNPATH_SEARCH_PATHS = (
					"$(inherited)",
					"@executable_path/Frameworks",
					"@loader_path/Frameworks",
				);
				PRODUCT_BUNDLE_IDENTIFIER = abi.StoryboardTests;
				PRODUCT_NAME = "$(TARGET_NAME)";
				SWIFT_VERSION = 5.0;
				TARGETED_DEVICE_FAMILY = "1,2";
				TEST_HOST = "$(BUILT_PRODUCTS_DIR)/Storyboard.app/Storyboard";
			};
			name = Debug;
		};
		185F7EFE22FC971C006D5006 /* Release */ = {
			isa = XCBuildConfiguration;
			buildSettings = {
				ALWAYS_EMBED_SWIFT_STANDARD_LIBRARIES = YES;
				BUNDLE_LOADER = "$(TEST_HOST)";
				CODE_SIGN_STYLE = Automatic;
				INFOPLIST_FILE = StoryboardTests/Info.plist;
				LD_RUNPATH_SEARCH_PATHS = (
					"$(inherited)",
					"@executable_path/Frameworks",
					"@loader_path/Frameworks",
				);
				PRODUCT_BUNDLE_IDENTIFIER = abi.StoryboardTests;
				PRODUCT_NAME = "$(TARGET_NAME)";
				SWIFT_VERSION = 5.0;
				TARGETED_DEVICE_FAMILY = "1,2";
				TEST_HOST = "$(BUILT_PRODUCTS_DIR)/Storyboard.app/Storyboard";
			};
			name = Release;
		};
		185F7F0022FC971C006D5006 /* Debug */ = {
			isa = XCBuildConfiguration;
			buildSettings = {
				ALWAYS_EMBED_SWIFT_STANDARD_LIBRARIES = YES;
				CODE_SIGN_STYLE = Automatic;
				INFOPLIST_FILE = StoryboardUITests/Info.plist;
				LD_RUNPATH_SEARCH_PATHS = (
					"$(inherited)",
					"@executable_path/Frameworks",
					"@loader_path/Frameworks",
				);
				PRODUCT_BUNDLE_IDENTIFIER = abi.StoryboardUITests;
				PRODUCT_NAME = "$(TARGET_NAME)";
				SWIFT_VERSION = 5.0;
				TARGETED_DEVICE_FAMILY = "1,2";
				TEST_TARGET_NAME = Storyboard;
			};
			name = Debug;
		};
		185F7F0122FC971C006D5006 /* Release */ = {
			isa = XCBuildConfiguration;
			buildSettings = {
				ALWAYS_EMBED_SWIFT_STANDARD_LIBRARIES = YES;
				CODE_SIGN_STYLE = Automatic;
				INFOPLIST_FILE = StoryboardUITests/Info.plist;
				LD_RUNPATH_SEARCH_PATHS = (
					"$(inherited)",
					"@executable_path/Frameworks",
					"@loader_path/Frameworks",
				);
				PRODUCT_BUNDLE_IDENTIFIER = abi.StoryboardUITests;
				PRODUCT_NAME = "$(TARGET_NAME)";
				SWIFT_VERSION = 5.0;
				TARGETED_DEVICE_FAMILY = "1,2";
				TEST_TARGET_NAME = Storyboard;
			};
			name = Release;
		};
/* End XCBuildConfiguration section */

/* Begin XCConfigurationList section */
		185F7ECC22FC9716006D5006 /* Build configuration list for PBXProject "Storyboard" */ = {
			isa = XCConfigurationList;
			buildConfigurations = (
				185F7EF722FC971C006D5006 /* Debug */,
				185F7EF822FC971C006D5006 /* Release */,
			);
			defaultConfigurationIsVisible = 0;
			defaultConfigurationName = Release;
		};
		185F7EF922FC971C006D5006 /* Build configuration list for PBXNativeTarget "Storyboard" */ = {
			isa = XCConfigurationList;
			buildConfigurations = (
				185F7EFA22FC971C006D5006 /* Debug */,
				185F7EFB22FC971C006D5006 /* Release */,
			);
			defaultConfigurationIsVisible = 0;
			defaultConfigurationName = Release;
		};
		185F7EFC22FC971C006D5006 /* Build configuration list for PBXNativeTarget "StoryboardTests" */ = {
			isa = XCConfigurationList;
			buildConfigurations = (
				185F7EFD22FC971C006D5006 /* Debug */,
				185F7EFE22FC971C006D5006 /* Release */,
			);
			defaultConfigurationIsVisible = 0;
			defaultConfigurationName = Release;
		};
		185F7EFF22FC971C006D5006 /* Build configuration list for PBXNativeTarget "StoryboardUITests" */ = {
			isa = XCConfigurationList;
			buildConfigurations = (
				185F7F0022FC971C006D5006 /* Debug */,
				185F7F0122FC971C006D5006 /* Release */,
			);
			defaultConfigurationIsVisible = 0;
			defaultConfigurationName = Release;
		};
/* End XCConfigurationList section */
	};
	rootObject = 185F7EC922FC9716006D5006 /* Project object */;
}
